// !$*UTF8*$!
{
	archiveVersion = 1;
	classes = {
	};
	objectVersion = 50;
	objects = {

/* Begin PBXBuildFile section */
		0BAF1FE87FB2F458F1BCE28A /* libPods-Parse.a in Frameworks */ = {isa = PBXBuildFile; fileRef = CBEDD4BAC2DCC501CDADEF26 /* libPods-Parse.a */; };
		1E90186920F3D0020097E689 /* AppDelegate.m in Sources */ = {isa = PBXBuildFile; fileRef = 1E90186820F3D0020097E689 /* AppDelegate.m */; };
		1E90186F20F3D0020097E689 /* Main.storyboard in Resources */ = {isa = PBXBuildFile; fileRef = 1E90186D20F3D0020097E689 /* Main.storyboard */; };
		1E90187120F3D0030097E689 /* Assets.xcassets in Resources */ = {isa = PBXBuildFile; fileRef = 1E90187020F3D0030097E689 /* Assets.xcassets */; };
		1E90187420F3D0030097E689 /* LaunchScreen.storyboard in Resources */ = {isa = PBXBuildFile; fileRef = 1E90187220F3D0030097E689 /* LaunchScreen.storyboard */; };
		1E90187720F3D0030097E689 /* main.m in Sources */ = {isa = PBXBuildFile; fileRef = 1E90187620F3D0030097E689 /* main.m */; };
		1E90188120F3D0030097E689 /* ParseTests.m in Sources */ = {isa = PBXBuildFile; fileRef = 1E90188020F3D0030097E689 /* ParseTests.m */; };
		1E90188C20F3D0030097E689 /* ParseUITests.m in Sources */ = {isa = PBXBuildFile; fileRef = 1E90188B20F3D0030097E689 /* ParseUITests.m */; };
		1E90189B20F3D1B10097E689 /* LoginViewController.m in Sources */ = {isa = PBXBuildFile; fileRef = 1E90189A20F3D1B10097E689 /* LoginViewController.m */; };
		1E90189E20F3DAA20097E689 /* ChatViewController.m in Sources */ = {isa = PBXBuildFile; fileRef = 1E90189D20F3DAA20097E689 /* ChatViewController.m */; };
		1E9018A120F3DD110097E689 /* ChatCell.m in Sources */ = {isa = PBXBuildFile; fileRef = 1E9018A020F3DD110097E689 /* ChatCell.m */; };
		385D6E5F53B0B5B2CE7E5A9D /* libPods-ParseUITests.a in Frameworks */ = {isa = PBXBuildFile; fileRef = 74F387FDF366AEEFF2263927 /* libPods-ParseUITests.a */; };
		527C58E9E8181F3B12F05690 /* libPods-ParseTests.a in Frameworks */ = {isa = PBXBuildFile; fileRef = 1CF828E8E2952691BDD66F40 /* libPods-ParseTests.a */; };
/* End PBXBuildFile section */

/* Begin PBXContainerItemProxy section */
		1E90187D20F3D0030097E689 /* PBXContainerItemProxy */ = {
			isa = PBXContainerItemProxy;
			containerPortal = 1E90185C20F3D0020097E689 /* Project object */;
			proxyType = 1;
			remoteGlobalIDString = 1E90186320F3D0020097E689;
			remoteInfo = Parse;
		};
		1E90188820F3D0030097E689 /* PBXContainerItemProxy */ = {
			isa = PBXContainerItemProxy;
			containerPortal = 1E90185C20F3D0020097E689 /* Project object */;
			proxyType = 1;
			remoteGlobalIDString = 1E90186320F3D0020097E689;
			remoteInfo = Parse;
		};
/* End PBXContainerItemProxy section */

/* Begin PBXFileReference section */
		1A9504A328402F74427FBA5B /* Pods-ParseUITests.release.xcconfig */ = {isa = PBXFileReference; includeInIndex = 1; lastKnownFileType = text.xcconfig; name = "Pods-ParseUITests.release.xcconfig"; path = "Pods/Target Support Files/Pods-ParseUITests/Pods-ParseUITests.release.xcconfig"; sourceTree = "<group>"; };
		1CF828E8E2952691BDD66F40 /* libPods-ParseTests.a */ = {isa = PBXFileReference; explicitFileType = archive.ar; includeInIndex = 0; path = "libPods-ParseTests.a"; sourceTree = BUILT_PRODUCTS_DIR; };
		1E90186420F3D0020097E689 /* Parse.app */ = {isa = PBXFileReference; explicitFileType = wrapper.application; includeInIndex = 0; path = Parse.app; sourceTree = BUILT_PRODUCTS_DIR; };
		1E90186720F3D0020097E689 /* AppDelegate.h */ = {isa = PBXFileReference; lastKnownFileType = sourcecode.c.h; path = AppDelegate.h; sourceTree = "<group>"; };
		1E90186820F3D0020097E689 /* AppDelegate.m */ = {isa = PBXFileReference; lastKnownFileType = sourcecode.c.objc; path = AppDelegate.m; sourceTree = "<group>"; };
		1E90186E20F3D0020097E689 /* Base */ = {isa = PBXFileReference; lastKnownFileType = file.storyboard; name = Base; path = Base.lproj/Main.storyboard; sourceTree = "<group>"; };
		1E90187020F3D0030097E689 /* Assets.xcassets */ = {isa = PBXFileReference; lastKnownFileType = folder.assetcatalog; path = Assets.xcassets; sourceTree = "<group>"; };
		1E90187320F3D0030097E689 /* Base */ = {isa = PBXFileReference; lastKnownFileType = file.storyboard; name = Base; path = Base.lproj/LaunchScreen.storyboard; sourceTree = "<group>"; };
		1E90187520F3D0030097E689 /* Info.plist */ = {isa = PBXFileReference; lastKnownFileType = text.plist.xml; path = Info.plist; sourceTree = "<group>"; };
		1E90187620F3D0030097E689 /* main.m */ = {isa = PBXFileReference; lastKnownFileType = sourcecode.c.objc; path = main.m; sourceTree = "<group>"; };
		1E90187C20F3D0030097E689 /* ParseTests.xctest */ = {isa = PBXFileReference; explicitFileType = wrapper.cfbundle; includeInIndex = 0; path = ParseTests.xctest; sourceTree = BUILT_PRODUCTS_DIR; };
		1E90188020F3D0030097E689 /* ParseTests.m */ = {isa = PBXFileReference; lastKnownFileType = sourcecode.c.objc; path = ParseTests.m; sourceTree = "<group>"; };
		1E90188220F3D0030097E689 /* Info.plist */ = {isa = PBXFileReference; lastKnownFileType = text.plist.xml; path = Info.plist; sourceTree = "<group>"; };
		1E90188720F3D0030097E689 /* ParseUITests.xctest */ = {isa = PBXFileReference; explicitFileType = wrapper.cfbundle; includeInIndex = 0; path = ParseUITests.xctest; sourceTree = BUILT_PRODUCTS_DIR; };
		1E90188B20F3D0030097E689 /* ParseUITests.m */ = {isa = PBXFileReference; lastKnownFileType = sourcecode.c.objc; path = ParseUITests.m; sourceTree = "<group>"; };
		1E90188D20F3D0030097E689 /* Info.plist */ = {isa = PBXFileReference; lastKnownFileType = text.plist.xml; path = Info.plist; sourceTree = "<group>"; };
		1E90189920F3D1B10097E689 /* LoginViewController.h */ = {isa = PBXFileReference; lastKnownFileType = sourcecode.c.h; path = LoginViewController.h; sourceTree = "<group>"; };
		1E90189A20F3D1B10097E689 /* LoginViewController.m */ = {isa = PBXFileReference; lastKnownFileType = sourcecode.c.objc; path = LoginViewController.m; sourceTree = "<group>"; };
		1E90189C20F3DAA20097E689 /* ChatViewController.h */ = {isa = PBXFileReference; lastKnownFileType = sourcecode.c.h; path = ChatViewController.h; sourceTree = "<group>"; };
		1E90189D20F3DAA20097E689 /* ChatViewController.m */ = {isa = PBXFileReference; lastKnownFileType = sourcecode.c.objc; path = ChatViewController.m; sourceTree = "<group>"; };
		1E90189F20F3DD110097E689 /* ChatCell.h */ = {isa = PBXFileReference; lastKnownFileType = sourcecode.c.h; path = ChatCell.h; sourceTree = "<group>"; };
		1E9018A020F3DD110097E689 /* ChatCell.m */ = {isa = PBXFileReference; lastKnownFileType = sourcecode.c.objc; path = ChatCell.m; sourceTree = "<group>"; };
		3EB920ECCF1323F3A2899E32 /* Pods-ParseTests.release.xcconfig */ = {isa = PBXFileReference; includeInIndex = 1; lastKnownFileType = text.xcconfig; name = "Pods-ParseTests.release.xcconfig"; path = "Pods/Target Support Files/Pods-ParseTests/Pods-ParseTests.release.xcconfig"; sourceTree = "<group>"; };
		6907416890ADD5B700C384F4 /* Pods-ParseUITests.debug.xcconfig */ = {isa = PBXFileReference; includeInIndex = 1; lastKnownFileType = text.xcconfig; name = "Pods-ParseUITests.debug.xcconfig"; path = "Pods/Target Support Files/Pods-ParseUITests/Pods-ParseUITests.debug.xcconfig"; sourceTree = "<group>"; };
		74F387FDF366AEEFF2263927 /* libPods-ParseUITests.a */ = {isa = PBXFileReference; explicitFileType = archive.ar; includeInIndex = 0; path = "libPods-ParseUITests.a"; sourceTree = BUILT_PRODUCTS_DIR; };
		AD1270FD87784E1058DFBCF6 /* Pods-ParseTests.debug.xcconfig */ = {isa = PBXFileReference; includeInIndex = 1; lastKnownFileType = text.xcconfig; name = "Pods-ParseTests.debug.xcconfig"; path = "Pods/Target Support Files/Pods-ParseTests/Pods-ParseTests.debug.xcconfig"; sourceTree = "<group>"; };
		AF36EC797660CD723DAF73E3 /* Pods-Parse.debug.xcconfig */ = {isa = PBXFileReference; includeInIndex = 1; lastKnownFileType = text.xcconfig; name = "Pods-Parse.debug.xcconfig"; path = "Pods/Target Support Files/Pods-Parse/Pods-Parse.debug.xcconfig"; sourceTree = "<group>"; };
		CBEDD4BAC2DCC501CDADEF26 /* libPods-Parse.a */ = {isa = PBXFileReference; explicitFileType = archive.ar; includeInIndex = 0; path = "libPods-Parse.a"; sourceTree = BUILT_PRODUCTS_DIR; };
		FBE4F4B3E6A17C09F08CA8A6 /* Pods-Parse.release.xcconfig */ = {isa = PBXFileReference; includeInIndex = 1; lastKnownFileType = text.xcconfig; name = "Pods-Parse.release.xcconfig"; path = "Pods/Target Support Files/Pods-Parse/Pods-Parse.release.xcconfig"; sourceTree = "<group>"; };
/* End PBXFileReference section */

/* Begin PBXFrameworksBuildPhase section */
		1E90186120F3D0020097E689 /* Frameworks */ = {
			isa = PBXFrameworksBuildPhase;
			buildActionMask = 2147483647;
			files = (
				0BAF1FE87FB2F458F1BCE28A /* libPods-Parse.a in Frameworks */,
			);
			runOnlyForDeploymentPostprocessing = 0;
		};
		1E90187920F3D0030097E689 /* Frameworks */ = {
			isa = PBXFrameworksBuildPhase;
			buildActionMask = 2147483647;
			files = (
				527C58E9E8181F3B12F05690 /* libPods-ParseTests.a in Frameworks */,
			);
			runOnlyForDeploymentPostprocessing = 0;
		};
		1E90188420F3D0030097E689 /* Frameworks */ = {
			isa = PBXFrameworksBuildPhase;
			buildActionMask = 2147483647;
			files = (
				385D6E5F53B0B5B2CE7E5A9D /* libPods-ParseUITests.a in Frameworks */,
			);
			runOnlyForDeploymentPostprocessing = 0;
		};
/* End PBXFrameworksBuildPhase section */

/* Begin PBXGroup section */
		1E90185B20F3D0020097E689 = {
			isa = PBXGroup;
			children = (
				1E90186620F3D0020097E689 /* Parse */,
				1E90187F20F3D0030097E689 /* ParseTests */,
				1E90188A20F3D0030097E689 /* ParseUITests */,
				1E90186520F3D0020097E689 /* Products */,
				C8C4945DBCE43251327FDE12 /* Pods */,
				650EEF41B87455A887E20E05 /* Frameworks */,
			);
			sourceTree = "<group>";
		};
		1E90186520F3D0020097E689 /* Products */ = {
			isa = PBXGroup;
			children = (
				1E90186420F3D0020097E689 /* Parse.app */,
				1E90187C20F3D0030097E689 /* ParseTests.xctest */,
				1E90188720F3D0030097E689 /* ParseUITests.xctest */,
			);
			name = Products;
			sourceTree = "<group>";
		};
		1E90186620F3D0020097E689 /* Parse */ = {
			isa = PBXGroup;
			children = (
				1E90186720F3D0020097E689 /* AppDelegate.h */,
				1E90186820F3D0020097E689 /* AppDelegate.m */,
				1E90186D20F3D0020097E689 /* Main.storyboard */,
				1E90187020F3D0030097E689 /* Assets.xcassets */,
				1E90187220F3D0030097E689 /* LaunchScreen.storyboard */,
				1E90187520F3D0030097E689 /* Info.plist */,
				1E90187620F3D0030097E689 /* main.m */,
				1E90189920F3D1B10097E689 /* LoginViewController.h */,
				1E90189A20F3D1B10097E689 /* LoginViewController.m */,
				1E90189C20F3DAA20097E689 /* ChatViewController.h */,
				1E90189D20F3DAA20097E689 /* ChatViewController.m */,
				1E90189F20F3DD110097E689 /* ChatCell.h */,
				1E9018A020F3DD110097E689 /* ChatCell.m */,
			);
			path = Parse;
			sourceTree = "<group>";
		};
		1E90187F20F3D0030097E689 /* ParseTests */ = {
			isa = PBXGroup;
			children = (
				1E90188020F3D0030097E689 /* ParseTests.m */,
				1E90188220F3D0030097E689 /* Info.plist */,
			);
			path = ParseTests;
			sourceTree = "<group>";
		};
		1E90188A20F3D0030097E689 /* ParseUITests */ = {
			isa = PBXGroup;
			children = (
				1E90188B20F3D0030097E689 /* ParseUITests.m */,
				1E90188D20F3D0030097E689 /* Info.plist */,
			);
			path = ParseUITests;
			sourceTree = "<group>";
		};
		650EEF41B87455A887E20E05 /* Frameworks */ = {
			isa = PBXGroup;
			children = (
				CBEDD4BAC2DCC501CDADEF26 /* libPods-Parse.a */,
				1CF828E8E2952691BDD66F40 /* libPods-ParseTests.a */,
				74F387FDF366AEEFF2263927 /* libPods-ParseUITests.a */,
			);
			name = Frameworks;
			sourceTree = "<group>";
		};
		C8C4945DBCE43251327FDE12 /* Pods */ = {
			isa = PBXGroup;
			children = (
				AF36EC797660CD723DAF73E3 /* Pods-Parse.debug.xcconfig */,
				FBE4F4B3E6A17C09F08CA8A6 /* Pods-Parse.release.xcconfig */,
				AD1270FD87784E1058DFBCF6 /* Pods-ParseTests.debug.xcconfig */,
				3EB920ECCF1323F3A2899E32 /* Pods-ParseTests.release.xcconfig */,
				6907416890ADD5B700C384F4 /* Pods-ParseUITests.debug.xcconfig */,
				1A9504A328402F74427FBA5B /* Pods-ParseUITests.release.xcconfig */,
			);
			name = Pods;
			sourceTree = "<group>";
		};
/* End PBXGroup section */

/* Begin PBXNativeTarget section */
		1E90186320F3D0020097E689 /* Parse */ = {
			isa = PBXNativeTarget;
			buildConfigurationList = 1E90189020F3D0030097E689 /* Build configuration list for PBXNativeTarget "Parse" */;
			buildPhases = (
				059242F7D40742F99E219F13 /* [CP] Check Pods Manifest.lock */,
				1E90186020F3D0020097E689 /* Sources */,
				1E90186120F3D0020097E689 /* Frameworks */,
				1E90186220F3D0020097E689 /* Resources */,
				C55FBD9F69F92438525D5456 /* [CP] Copy Pods Resources */,
			);
			buildRules = (
			);
			dependencies = (
			);
			name = Parse;
			productName = Parse;
			productReference = 1E90186420F3D0020097E689 /* Parse.app */;
			productType = "com.apple.product-type.application";
		};
		1E90187B20F3D0030097E689 /* ParseTests */ = {
			isa = PBXNativeTarget;
			buildConfigurationList = 1E90189320F3D0030097E689 /* Build configuration list for PBXNativeTarget "ParseTests" */;
			buildPhases = (
				F0C67A9240A30DFD881FA95D /* [CP] Check Pods Manifest.lock */,
				1E90187820F3D0030097E689 /* Sources */,
				1E90187920F3D0030097E689 /* Frameworks */,
				1E90187A20F3D0030097E689 /* Resources */,
			);
			buildRules = (
			);
			dependencies = (
				1E90187E20F3D0030097E689 /* PBXTargetDependency */,
			);
			name = ParseTests;
			productName = ParseTests;
			productReference = 1E90187C20F3D0030097E689 /* ParseTests.xctest */;
			productType = "com.apple.product-type.bundle.unit-test";
		};
		1E90188620F3D0030097E689 /* ParseUITests */ = {
			isa = PBXNativeTarget;
			buildConfigurationList = 1E90189620F3D0030097E689 /* Build configuration list for PBXNativeTarget "ParseUITests" */;
			buildPhases = (
				DAB05F8079ED4307C2D02668 /* [CP] Check Pods Manifest.lock */,
				1E90188320F3D0030097E689 /* Sources */,
				1E90188420F3D0030097E689 /* Frameworks */,
				1E90188520F3D0030097E689 /* Resources */,
			);
			buildRules = (
			);
			dependencies = (
				1E90188920F3D0030097E689 /* PBXTargetDependency */,
			);
			name = ParseUITests;
			productName = ParseUITests;
			productReference = 1E90188720F3D0030097E689 /* ParseUITests.xctest */;
			productType = "com.apple.product-type.bundle.ui-testing";
		};
/* End PBXNativeTarget section */

/* Begin PBXProject section */
		1E90185C20F3D0020097E689 /* Project object */ = {
			isa = PBXProject;
			attributes = {
				LastUpgradeCheck = 0940;
				ORGANIZATIONNAME = "Alice Park";
				TargetAttributes = {
					1E90186320F3D0020097E689 = {
						CreatedOnToolsVersion = 9.4.1;
					};
					1E90187B20F3D0030097E689 = {
						CreatedOnToolsVersion = 9.4.1;
						TestTargetID = 1E90186320F3D0020097E689;
					};
					1E90188620F3D0030097E689 = {
						CreatedOnToolsVersion = 9.4.1;
						TestTargetID = 1E90186320F3D0020097E689;
					};
				};
			};
			buildConfigurationList = 1E90185F20F3D0020097E689 /* Build configuration list for PBXProject "Parse" */;
			compatibilityVersion = "Xcode 9.3";
			developmentRegion = en;
			hasScannedForEncodings = 0;
			knownRegions = (
				en,
				Base,
			);
			mainGroup = 1E90185B20F3D0020097E689;
			productRefGroup = 1E90186520F3D0020097E689 /* Products */;
			projectDirPath = "";
			projectRoot = "";
			targets = (
				1E90186320F3D0020097E689 /* Parse */,
				1E90187B20F3D0030097E689 /* ParseTests */,
				1E90188620F3D0030097E689 /* ParseUITests */,
			);
		};
/* End PBXProject section */

/* Begin PBXResourcesBuildPhase section */
		1E90186220F3D0020097E689 /* Resources */ = {
			isa = PBXResourcesBuildPhase;
			buildActionMask = 2147483647;
			files = (
				1E90187420F3D0030097E689 /* LaunchScreen.storyboard in Resources */,
				1E90187120F3D0030097E689 /* Assets.xcassets in Resources */,
				1E90186F20F3D0020097E689 /* Main.storyboard in Resources */,
			);
			runOnlyForDeploymentPostprocessing = 0;
		};
		1E90187A20F3D0030097E689 /* Resources */ = {
			isa = PBXResourcesBuildPhase;
			buildActionMask = 2147483647;
			files = (
			);
			runOnlyForDeploymentPostprocessing = 0;
		};
		1E90188520F3D0030097E689 /* Resources */ = {
			isa = PBXResourcesBuildPhase;
			buildActionMask = 2147483647;
			files = (
			);
			runOnlyForDeploymentPostprocessing = 0;
		};
/* End PBXResourcesBuildPhase section */

/* Begin PBXShellScriptBuildPhase section */
		059242F7D40742F99E219F13 /* [CP] Check Pods Manifest.lock */ = {
			isa = PBXShellScriptBuildPhase;
			buildActionMask = 2147483647;
			files = (
			);
			inputPaths = (
				"${PODS_PODFILE_DIR_PATH}/Podfile.lock",
				"${PODS_ROOT}/Manifest.lock",
			);
			name = "[CP] Check Pods Manifest.lock";
			outputPaths = (
				"$(DERIVED_FILE_DIR)/Pods-Parse-checkManifestLockResult.txt",
			);
			runOnlyForDeploymentPostprocessing = 0;
			shellPath = /bin/sh;
			shellScript = "diff \"${PODS_PODFILE_DIR_PATH}/Podfile.lock\" \"${PODS_ROOT}/Manifest.lock\" > /dev/null\nif [ $? != 0 ] ; then\n    # print error to STDERR\n    echo \"error: The sandbox is not in sync with the Podfile.lock. Run 'pod install' or update your CocoaPods installation.\" >&2\n    exit 1\nfi\n# This output is used by Xcode 'outputs' to avoid re-running this script phase.\necho \"SUCCESS\" > \"${SCRIPT_OUTPUT_FILE_0}\"\n";
			showEnvVarsInLog = 0;
		};
		C55FBD9F69F92438525D5456 /* [CP] Copy Pods Resources */ = {
			isa = PBXShellScriptBuildPhase;
			buildActionMask = 2147483647;
			files = (
			);
			inputPaths = (
				"${SRCROOT}/Pods/Target Support Files/Pods-Parse/Pods-Parse-resources.sh",
				"${PODS_CONFIGURATION_BUILD_DIR}/Parse/Parse.bundle",
			);
			name = "[CP] Copy Pods Resources";
			outputPaths = (
				"${TARGET_BUILD_DIR}/${UNLOCALIZED_RESOURCES_FOLDER_PATH}/Parse.bundle",
			);
			runOnlyForDeploymentPostprocessing = 0;
			shellPath = /bin/sh;
			shellScript = "\"${SRCROOT}/Pods/Target Support Files/Pods-Parse/Pods-Parse-resources.sh\"\n";
			showEnvVarsInLog = 0;
		};
		DAB05F8079ED4307C2D02668 /* [CP] Check Pods Manifest.lock */ = {
			isa = PBXShellScriptBuildPhase;
			buildActionMask = 2147483647;
			files = (
			);
			inputPaths = (
				"${PODS_PODFILE_DIR_PATH}/Podfile.lock",
				"${PODS_ROOT}/Manifest.lock",
			);
			name = "[CP] Check Pods Manifest.lock";
			outputPaths = (
				"$(DERIVED_FILE_DIR)/Pods-ParseUITests-checkManifestLockResult.txt",
			);
			runOnlyForDeploymentPostprocessing = 0;
			shellPath = /bin/sh;
			shellScript = "diff \"${PODS_PODFILE_DIR_PATH}/Podfile.lock\" \"${PODS_ROOT}/Manifest.lock\" > /dev/null\nif [ $? != 0 ] ; then\n    # print error to STDERR\n    echo \"error: The sandbox is not in sync with the Podfile.lock. Run 'pod install' or update your CocoaPods installation.\" >&2\n    exit 1\nfi\n# This output is used by Xcode 'outputs' to avoid re-running this script phase.\necho \"SUCCESS\" > \"${SCRIPT_OUTPUT_FILE_0}\"\n";
			showEnvVarsInLog = 0;
		};
		F0C67A9240A30DFD881FA95D /* [CP] Check Pods Manifest.lock */ = {
			isa = PBXShellScriptBuildPhase;
			buildActionMask = 2147483647;
			files = (
			);
			inputPaths = (
				"${PODS_PODFILE_DIR_PATH}/Podfile.lock",
				"${PODS_ROOT}/Manifest.lock",
			);
			name = "[CP] Check Pods Manifest.lock";
			outputPaths = (
				"$(DERIVED_FILE_DIR)/Pods-ParseTests-checkManifestLockResult.txt",
			);
			runOnlyForDeploymentPostprocessing = 0;
			shellPath = /bin/sh;
			shellScript = "diff \"${PODS_PODFILE_DIR_PATH}/Podfile.lock\" \"${PODS_ROOT}/Manifest.lock\" > /dev/null\nif [ $? != 0 ] ; then\n    # print error to STDERR\n    echo \"error: The sandbox is not in sync with the Podfile.lock. Run 'pod install' or update your CocoaPods installation.\" >&2\n    exit 1\nfi\n# This output is used by Xcode 'outputs' to avoid re-running this script phase.\necho \"SUCCESS\" > \"${SCRIPT_OUTPUT_FILE_0}\"\n";
			showEnvVarsInLog = 0;
		};
/* End PBXShellScriptBuildPhase section */

/* Begin PBXSourcesBuildPhase section */
		1E90186020F3D0020097E689 /* Sources */ = {
			isa = PBXSourcesBuildPhase;
			buildActionMask = 2147483647;
			files = (
				1E90189B20F3D1B10097E689 /* LoginViewController.m in Sources */,
				1E90187720F3D0030097E689 /* main.m in Sources */,
				1E90189E20F3DAA20097E689 /* ChatViewController.m in Sources */,
				1E9018A120F3DD110097E689 /* ChatCell.m in Sources */,
				1E90186920F3D0020097E689 /* AppDelegate.m in Sources */,
			);
			runOnlyForDeploymentPostprocessing = 0;
		};
		1E90187820F3D0030097E689 /* Sources */ = {
			isa = PBXSourcesBuildPhase;
			buildActionMask = 2147483647;
			files = (
				1E90188120F3D0030097E689 /* ParseTests.m in Sources */,
			);
			runOnlyForDeploymentPostprocessing = 0;
		};
		1E90188320F3D0030097E689 /* Sources */ = {
			isa = PBXSourcesBuildPhase;
			buildActionMask = 2147483647;
			files = (
				1E90188C20F3D0030097E689 /* ParseUITests.m in Sources */,
			);
			runOnlyForDeploymentPostprocessing = 0;
		};
/* End PBXSourcesBuildPhase section */

/* Begin PBXTargetDependency section */
		1E90187E20F3D0030097E689 /* PBXTargetDependency */ = {
			isa = PBXTargetDependency;
			target = 1E90186320F3D0020097E689 /* Parse */;
			targetProxy = 1E90187D20F3D0030097E689 /* PBXContainerItemProxy */;
		};
		1E90188920F3D0030097E689 /* PBXTargetDependency */ = {
			isa = PBXTargetDependency;
			target = 1E90186320F3D0020097E689 /* Parse */;
			targetProxy = 1E90188820F3D0030097E689 /* PBXContainerItemProxy */;
		};
/* End PBXTargetDependency section */

/* Begin PBXVariantGroup section */
		1E90186D20F3D0020097E689 /* Main.storyboard */ = {
			isa = PBXVariantGroup;
			children = (
				1E90186E20F3D0020097E689 /* Base */,
			);
			name = Main.storyboard;
			sourceTree = "<group>";
		};
		1E90187220F3D0030097E689 /* LaunchScreen.storyboard */ = {
			isa = PBXVariantGroup;
			children = (
				1E90187320F3D0030097E689 /* Base */,
			);
			name = LaunchScreen.storyboard;
			sourceTree = "<group>";
		};
/* End PBXVariantGroup section */

/* Begin XCBuildConfiguration section */
		1E90188E20F3D0030097E689 /* Debug */ = {
			isa = XCBuildConfiguration;
			buildSettings = {
				ALWAYS_SEARCH_USER_PATHS = NO;
				CLANG_ANALYZER_NONNULL = YES;
				CLANG_ANALYZER_NUMBER_OBJECT_CONVERSION = YES_AGGRESSIVE;
				CLANG_CXX_LANGUAGE_STANDARD = "gnu++14";
				CLANG_CXX_LIBRARY = "libc++";
				CLANG_ENABLE_MODULES = YES;
				CLANG_ENABLE_OBJC_ARC = YES;
				CLANG_ENABLE_OBJC_WEAK = YES;
				CLANG_WARN_BLOCK_CAPTURE_AUTORELEASING = YES;
				CLANG_WARN_BOOL_CONVERSION = YES;
				CLANG_WARN_COMMA = YES;
				CLANG_WARN_CONSTANT_CONVERSION = YES;
				CLANG_WARN_DEPRECATED_OBJC_IMPLEMENTATIONS = YES;
				CLANG_WARN_DIRECT_OBJC_ISA_USAGE = YES_ERROR;
				CLANG_WARN_DOCUMENTATION_COMMENTS = YES;
				CLANG_WARN_EMPTY_BODY = YES;
				CLANG_WARN_ENUM_CONVERSION = YES;
				CLANG_WARN_INFINITE_RECURSION = YES;
				CLANG_WARN_INT_CONVERSION = YES;
				CLANG_WARN_NON_LITERAL_NULL_CONVERSION = YES;
				CLANG_WARN_OBJC_IMPLICIT_RETAIN_SELF = YES;
				CLANG_WARN_OBJC_LITERAL_CONVERSION = YES;
				CLANG_WARN_OBJC_ROOT_CLASS = YES_ERROR;
				CLANG_WARN_RANGE_LOOP_ANALYSIS = YES;
				CLANG_WARN_STRICT_PROTOTYPES = YES;
				CLANG_WARN_SUSPICIOUS_MOVE = YES;
				CLANG_WARN_UNGUARDED_AVAILABILITY = YES_AGGRESSIVE;
				CLANG_WARN_UNREACHABLE_CODE = YES;
				CLANG_WARN__DUPLICATE_METHOD_MATCH = YES;
				CODE_SIGN_IDENTITY = "iPhone Developer";
				COPY_PHASE_STRIP = NO;
				DEBUG_INFORMATION_FORMAT = dwarf;
				ENABLE_STRICT_OBJC_MSGSEND = YES;
				ENABLE_TESTABILITY = YES;
				GCC_C_LANGUAGE_STANDARD = gnu11;
				GCC_DYNAMIC_NO_PIC = NO;
				GCC_NO_COMMON_BLOCKS = YES;
				GCC_OPTIMIZATION_LEVEL = 0;
				GCC_PREPROCESSOR_DEFINITIONS = (
					"DEBUG=1",
					"$(inherited)",
				);
				GCC_WARN_64_TO_32_BIT_CONVERSION = YES;
				GCC_WARN_ABOUT_RETURN_TYPE = YES_ERROR;
				GCC_WARN_UNDECLARED_SELECTOR = YES;
				GCC_WARN_UNINITIALIZED_AUTOS = YES_AGGRESSIVE;
				GCC_WARN_UNUSED_FUNCTION = YES;
				GCC_WARN_UNUSED_VARIABLE = YES;
				IPHONEOS_DEPLOYMENT_TARGET = 11.4;
				MTL_ENABLE_DEBUG_INFO = YES;
				ONLY_ACTIVE_ARCH = YES;
				SDKROOT = iphoneos;
			};
			name = Debug;
		};
		1E90188F20F3D0030097E689 /* Release */ = {
			isa = XCBuildConfiguration;
			buildSettings = {
				ALWAYS_SEARCH_USER_PATHS = NO;
				CLANG_ANALYZER_NONNULL = YES;
				CLANG_ANALYZER_NUMBER_OBJECT_CONVERSION = YES_AGGRESSIVE;
				CLANG_CXX_LANGUAGE_STANDARD = "gnu++14";
				CLANG_CXX_LIBRARY = "libc++";
				CLANG_ENABLE_MODULES = YES;
				CLANG_ENABLE_OBJC_ARC = YES;
				CLANG_ENABLE_OBJC_WEAK = YES;
				CLANG_WARN_BLOCK_CAPTURE_AUTORELEASING = YES;
				CLANG_WARN_BOOL_CONVERSION = YES;
				CLANG_WARN_COMMA = YES;
				CLANG_WARN_CONSTANT_CONVERSION = YES;
				CLANG_WARN_DEPRECATED_OBJC_IMPLEMENTATIONS = YES;
				CLANG_WARN_DIRECT_OBJC_ISA_USAGE = YES_ERROR;
				CLANG_WARN_DOCUMENTATION_COMMENTS = YES;
				CLANG_WARN_EMPTY_BODY = YES;
				CLANG_WARN_ENUM_CONVERSION = YES;
				CLANG_WARN_INFINITE_RECURSION = YES;
				CLANG_WARN_INT_CONVERSION = YES;
				CLANG_WARN_NON_LITERAL_NULL_CONVERSION = YES;
				CLANG_WARN_OBJC_IMPLICIT_RETAIN_SELF = YES;
				CLANG_WARN_OBJC_LITERAL_CONVERSION = YES;
				CLANG_WARN_OBJC_ROOT_CLASS = YES_ERROR;
				CLANG_WARN_RANGE_LOOP_ANALYSIS = YES;
				CLANG_WARN_STRICT_PROTOTYPES = YES;
				CLANG_WARN_SUSPICIOUS_MOVE = YES;
				CLANG_WARN_UNGUARDED_AVAILABILITY = YES_AGGRESSIVE;
				CLANG_WARN_UNREACHABLE_CODE = YES;
				CLANG_WARN__DUPLICATE_METHOD_MATCH = YES;
				CODE_SIGN_IDENTITY = "iPhone Developer";
				COPY_PHASE_STRIP = NO;
				DEBUG_INFORMATION_FORMAT = "dwarf-with-dsym";
				ENABLE_NS_ASSERTIONS = NO;
				ENABLE_STRICT_OBJC_MSGSEND = YES;
				GCC_C_LANGUAGE_STANDARD = gnu11;
				GCC_NO_COMMON_BLOCKS = YES;
				GCC_WARN_64_TO_32_BIT_CONVERSION = YES;
				GCC_WARN_ABOUT_RETURN_TYPE = YES_ERROR;
				GCC_WARN_UNDECLARED_SELECTOR = YES;
				GCC_WARN_UNINITIALIZED_AUTOS = YES_AGGRESSIVE;
				GCC_WARN_UNUSED_FUNCTION = YES;
				GCC_WARN_UNUSED_VARIABLE = YES;
				IPHONEOS_DEPLOYMENT_TARGET = 11.4;
				MTL_ENABLE_DEBUG_INFO = NO;
				SDKROOT = iphoneos;
				VALIDATE_PRODUCT = YES;
			};
			name = Release;
		};
		1E90189120F3D0030097E689 /* Debug */ = {
			isa = XCBuildConfiguration;
			baseConfigurationReference = AF36EC797660CD723DAF73E3 /* Pods-Parse.debug.xcconfig */;
			buildSettings = {
				ASSETCATALOG_COMPILER_APPICON_NAME = AppIcon;
				CODE_SIGN_STYLE = Automatic;
				DEVELOPMENT_TEAM = 786NDH46LQ;
				INFOPLIST_FILE = Parse/Info.plist;
				LD_RUNPATH_SEARCH_PATHS = (
					"$(inherited)",
					"@executable_path/Frameworks",
				);
				PRODUCT_BUNDLE_IDENTIFIER = com.alice.Parse;
				PRODUCT_NAME = "$(TARGET_NAME)";
				TARGETED_DEVICE_FAMILY = "1,2";
			};
			name = Debug;
		};
		1E90189220F3D0030097E689 /* Release */ = {
			isa = XCBuildConfiguration;
			baseConfigurationReference = FBE4F4B3E6A17C09F08CA8A6 /* Pods-Parse.release.xcconfig */;
			buildSettings = {
				ASSETCATALOG_COMPILER_APPICON_NAME = AppIcon;
				CODE_SIGN_STYLE = Automatic;
				DEVELOPMENT_TEAM = 786NDH46LQ;
				INFOPLIST_FILE = Parse/Info.plist;
				LD_RUNPATH_SEARCH_PATHS = (
					"$(inherited)",
					"@executable_path/Frameworks",
				);
				PRODUCT_BUNDLE_IDENTIFIER = com.alice.Parse;
				PRODUCT_NAME = "$(TARGET_NAME)";
				TARGETED_DEVICE_FAMILY = "1,2";
			};
			name = Release;
		};
		1E90189420F3D0030097E689 /* Debug */ = {
			isa = XCBuildConfiguration;
			baseConfigurationReference = AD1270FD87784E1058DFBCF6 /* Pods-ParseTests.debug.xcconfig */;
			buildSettings = {
				BUNDLE_LOADER = "$(TEST_HOST)";
				CODE_SIGN_STYLE = Automatic;
				DEVELOPMENT_TEAM = 786NDH46LQ;
				INFOPLIST_FILE = ParseTests/Info.plist;
				LD_RUNPATH_SEARCH_PATHS = (
					"$(inherited)",
					"@executable_path/Frameworks",
					"@loader_path/Frameworks",
				);
				PRODUCT_BUNDLE_IDENTIFIER = com.alice.ParseTests;
				PRODUCT_NAME = "$(TARGET_NAME)";
				TARGETED_DEVICE_FAMILY = "1,2";
				TEST_HOST = "$(BUILT_PRODUCTS_DIR)/Parse.app/Parse";
			};
			name = Debug;
		};
		1E90189520F3D0030097E689 /* Release */ = {
			isa = XCBuildConfiguration;
			baseConfigurationReference = 3EB920ECCF1323F3A2899E32 /* Pods-ParseTests.release.xcconfig */;
			buildSettings = {
				BUNDLE_LOADER = "$(TEST_HOST)";
				CODE_SIGN_STYLE = Automatic;
				DEVELOPMENT_TEAM = 786NDH46LQ;
				INFOPLIST_FILE = ParseTests/Info.plist;
				LD_RUNPATH_SEARCH_PATHS = (
					"$(inherited)",
					"@executable_path/Frameworks",
					"@loader_path/Frameworks",
				);
				PRODUCT_BUNDLE_IDENTIFIER = com.alice.ParseTests;
				PRODUCT_NAME = "$(TARGET_NAME)";
				TARGETED_DEVICE_FAMILY = "1,2";
				TEST_HOST = "$(BUILT_PRODUCTS_DIR)/Parse.app/Parse";
			};
			name = Release;
		};
		1E90189720F3D0030097E689 /* Debug */ = {
			isa = XCBuildConfiguration;
			baseConfigurationReference = 6907416890ADD5B700C384F4 /* Pods-ParseUITests.debug.xcconfig */;
			buildSettings = {
				CODE_SIGN_STYLE = Automatic;
				DEVELOPMENT_TEAM = 786NDH46LQ;
				INFOPLIST_FILE = ParseUITests/Info.plist;
				LD_RUNPATH_SEARCH_PATHS = (
					"$(inherited)",
					"@executable_path/Frameworks",
					"@loader_path/Frameworks",
				);
				PRODUCT_BUNDLE_IDENTIFIER = com.alice.ParseUITests;
				PRODUCT_NAME = "$(TARGET_NAME)";
				TARGETED_DEVICE_FAMILY = "1,2";
				TEST_TARGET_NAME = Parse;
			};
			name = Debug;
		};
		1E90189820F3D0030097E689 /* Release */ = {
			isa = XCBuildConfiguration;
			baseConfigurationReference = 1A9504A328402F74427FBA5B /* Pods-ParseUITests.release.xcconfig */;
			buildSettings = {
				CODE_SIGN_STYLE = Automatic;
				DEVELOPMENT_TEAM = 786NDH46LQ;
				INFOPLIST_FILE = ParseUITests/Info.plist;
				LD_RUNPATH_SEARCH_PATHS = (
					"$(inherited)",
					"@executable_path/Frameworks",
					"@loader_path/Frameworks",
				);
				PRODUCT_BUNDLE_IDENTIFIER = com.alice.ParseUITests;
				PRODUCT_NAME = "$(TARGET_NAME)";
				TARGETED_DEVICE_FAMILY = "1,2";
				TEST_TARGET_NAME = Parse;
			};
			name = Release;
		};
/* End XCBuildConfiguration section */

/* Begin XCConfigurationList section */
		1E90185F20F3D0020097E689 /* Build configuration list for PBXProject "Parse" */ = {
			isa = XCConfigurationList;
			buildConfigurations = (
				1E90188E20F3D0030097E689 /* Debug */,
				1E90188F20F3D0030097E689 /* Release */,
			);
			defaultConfigurationIsVisible = 0;
			defaultConfigurationName = Release;
		};
		1E90189020F3D0030097E689 /* Build configuration list for PBXNativeTarget "Parse" */ = {
			isa = XCConfigurationList;
			buildConfigurations = (
				1E90189120F3D0030097E689 /* Debug */,
				1E90189220F3D0030097E689 /* Release */,
			);
			defaultConfigurationIsVisible = 0;
			defaultConfigurationName = Release;
		};
		1E90189320F3D0030097E689 /* Build configuration list for PBXNativeTarget "ParseTests" */ = {
			isa = XCConfigurationList;
			buildConfigurations = (
				1E90189420F3D0030097E689 /* Debug */,
				1E90189520F3D0030097E689 /* Release */,
			);
			defaultConfigurationIsVisible = 0;
			defaultConfigurationName = Release;
		};
		1E90189620F3D0030097E689 /* Build configuration list for PBXNativeTarget "ParseUITests" */ = {
			isa = XCConfigurationList;
			buildConfigurations = (
				1E90189720F3D0030097E689 /* Debug */,
				1E90189820F3D0030097E689 /* Release */,
			);
			defaultConfigurationIsVisible = 0;
			defaultConfigurationName = Release;
		};
/* End XCConfigurationList section */
	};
	rootObject = 1E90185C20F3D0020097E689 /* Project object */;
}
